// !$*UTF8*$!
{
	archiveVersion = 1;
	classes = {
	};
	objectVersion = 50;
	objects = {

/* Begin PBXBuildFile section */
		82C12BAE2019E8C5000B3500 /* AppDelegate.swift in Sources */ = {isa = PBXBuildFile; fileRef = 82C12BAD2019E8C5000B3500 /* AppDelegate.swift */; };
		82C12BB22019E8C5000B3500 /* ViewController.swift in Sources */ = {isa = PBXBuildFile; fileRef = 82C12BB12019E8C5000B3500 /* ViewController.swift */; };
		82C12BB52019E8C5000B3500 /* Main.storyboard in Resources */ = {isa = PBXBuildFile; fileRef = 82C12BB32019E8C5000B3500 /* Main.storyboard */; };
		82C12BB72019E8C6000B3500 /* Assets.xcassets in Resources */ = {isa = PBXBuildFile; fileRef = 82C12BB62019E8C6000B3500 /* Assets.xcassets */; };
		82C12BBA2019E8C6000B3500 /* LaunchScreen.storyboard in Resources */ = {isa = PBXBuildFile; fileRef = 82C12BB82019E8C6000B3500 /* LaunchScreen.storyboard */; };
		82C12BC52019E8C6000B3500 /* ImageDetectionTests.swift in Sources */ = {isa = PBXBuildFile; fileRef = 82C12BC42019E8C6000B3500 /* ImageDetectionTests.swift */; };
		82C12BD02019E8C6000B3500 /* ImageDetectionUITests.swift in Sources */ = {isa = PBXBuildFile; fileRef = 82C12BCF2019E8C6000B3500 /* ImageDetectionUITests.swift */; };
		82C12BDE2019E8E9000B3500 /* book2.jpg in Resources */ = {isa = PBXBuildFile; fileRef = 82C12BDD2019E8E9000B3500 /* book2.jpg */; };
/* End PBXBuildFile section */

/* Begin PBXContainerItemProxy section */
		82C12BC12019E8C6000B3500 /* PBXContainerItemProxy */ = {
			isa = PBXContainerItemProxy;
			containerPortal = 82C12BA22019E8C5000B3500 /* Project object */;
			proxyType = 1;
			remoteGlobalIDString = 82C12BA92019E8C5000B3500;
			remoteInfo = ImageDetection;
		};
		82C12BCC2019E8C6000B3500 /* PBXContainerItemProxy */ = {
			isa = PBXContainerItemProxy;
			containerPortal = 82C12BA22019E8C5000B3500 /* Project object */;
			proxyType = 1;
			remoteGlobalIDString = 82C12BA92019E8C5000B3500;
			remoteInfo = ImageDetection;
		};
/* End PBXContainerItemProxy section */

/* Begin PBXFileReference section */
		82C12BAA2019E8C5000B3500 /* ImageDetection.app */ = {isa = PBXFileReference; explicitFileType = wrapper.application; includeInIndex = 0; path = ImageDetection.app; sourceTree = BUILT_PRODUCTS_DIR; };
		82C12BAD2019E8C5000B3500 /* AppDelegate.swift */ = {isa = PBXFileReference; lastKnownFileType = sourcecode.swift; path = AppDelegate.swift; sourceTree = "<group>"; };
		82C12BB12019E8C5000B3500 /* ViewController.swift */ = {isa = PBXFileReference; lastKnownFileType = sourcecode.swift; path = ViewController.swift; sourceTree = "<group>"; };
		82C12BB42019E8C5000B3500 /* Base */ = {isa = PBXFileReference; lastKnownFileType = file.storyboard; name = Base; path = Base.lproj/Main.storyboard; sourceTree = "<group>"; };
		82C12BB62019E8C6000B3500 /* Assets.xcassets */ = {isa = PBXFileReference; lastKnownFileType = folder.assetcatalog; path = Assets.xcassets; sourceTree = "<group>"; };
		82C12BB92019E8C6000B3500 /* Base */ = {isa = PBXFileReference; lastKnownFileType = file.storyboard; name = Base; path = Base.lproj/LaunchScreen.storyboard; sourceTree = "<group>"; };
		82C12BBB2019E8C6000B3500 /* Info.plist */ = {isa = PBXFileReference; lastKnownFileType = text.plist.xml; path = Info.plist; sourceTree = "<group>"; };
		82C12BC02019E8C6000B3500 /* ImageDetectionTests.xctest */ = {isa = PBXFileReference; explicitFileType = wrapper.cfbundle; includeInIndex = 0; path = ImageDetectionTests.xctest; sourceTree = BUILT_PRODUCTS_DIR; };
		82C12BC42019E8C6000B3500 /* ImageDetectionTests.swift */ = {isa = PBXFileReference; lastKnownFileType = sourcecode.swift; path = ImageDetectionTests.swift; sourceTree = "<group>"; };
		82C12BC62019E8C6000B3500 /* Info.plist */ = {isa = PBXFileReference; lastKnownFileType = text.plist.xml; path = Info.plist; sourceTree = "<group>"; };
		82C12BCB2019E8C6000B3500 /* ImageDetectionUITests.xctest */ = {isa = PBXFileReference; explicitFileType = wrapper.cfbundle; includeInIndex = 0; path = ImageDetectionUITests.xctest; sourceTree = BUILT_PRODUCTS_DIR; };
		82C12BCF2019E8C6000B3500 /* ImageDetectionUITests.swift */ = {isa = PBXFileReference; lastKnownFileType = sourcecode.swift; path = ImageDetectionUITests.swift; sourceTree = "<group>"; };
		82C12BD12019E8C6000B3500 /* Info.plist */ = {isa = PBXFileReference; lastKnownFileType = text.plist.xml; path = Info.plist; sourceTree = "<group>"; };
		82C12BDD2019E8E9000B3500 /* book2.jpg */ = {isa = PBXFileReference; lastKnownFileType = image.jpeg; path = book2.jpg; sourceTree = "<group>"; };
/* End PBXFileReference section */

/* Begin PBXFrameworksBuildPhase section */
		82C12BA72019E8C5000B3500 /* Frameworks */ = {
			isa = PBXFrameworksBuildPhase;
			buildActionMask = 2147483647;
			files = (
			);
			runOnlyForDeploymentPostprocessing = 0;
		};
		82C12BBD2019E8C6000B3500 /* Frameworks */ = {
			isa = PBXFrameworksBuildPhase;
			buildActionMask = 2147483647;
			files = (
			);
			runOnlyForDeploymentPostprocessing = 0;
		};
		82C12BC82019E8C6000B3500 /* Frameworks */ = {
			isa = PBXFrameworksBuildPhase;
			buildActionMask = 2147483647;
			files = (
			);
			runOnlyForDeploymentPostprocessing = 0;
		};
/* End PBXFrameworksBuildPhase section */

/* Begin PBXGroup section */
		82C12BA12019E8C5000B3500 = {
			isa = PBXGroup;
			children = (
				82C12BAC2019E8C5000B3500 /* ImageDetection */,
				82C12BC32019E8C6000B3500 /* ImageDetectionTests */,
				82C12BCE2019E8C6000B3500 /* ImageDetectionUITests */,
				82C12BAB2019E8C5000B3500 /* Products */,
			);
			sourceTree = "<group>";
		};
		82C12BAB2019E8C5000B3500 /* Products */ = {
			isa = PBXGroup;
			children = (
				82C12BAA2019E8C5000B3500 /* ImageDetection.app */,
				82C12BC02019E8C6000B3500 /* ImageDetectionTests.xctest */,
				82C12BCB2019E8C6000B3500 /* ImageDetectionUITests.xctest */,
			);
			name = Products;
			sourceTree = "<group>";
		};
		82C12BAC2019E8C5000B3500 /* ImageDetection */ = {
			isa = PBXGroup;
			children = (
				82C12BAD2019E8C5000B3500 /* AppDelegate.swift */,
				82C12BB12019E8C5000B3500 /* ViewController.swift */,
				82C12BDD2019E8E9000B3500 /* book2.jpg */,
				82C12BB62019E8C6000B3500 /* Assets.xcassets */,
				82C12BB32019E8C5000B3500 /* Main.storyboard */,
				82C12BB82019E8C6000B3500 /* LaunchScreen.storyboard */,
				82C12BBB2019E8C6000B3500 /* Info.plist */,
			);
			path = ImageDetection;
			sourceTree = "<group>";
		};
		82C12BC32019E8C6000B3500 /* ImageDetectionTests */ = {
			isa = PBXGroup;
			children = (
				82C12BC42019E8C6000B3500 /* ImageDetectionTests.swift */,
				82C12BC62019E8C6000B3500 /* Info.plist */,
			);
			path = ImageDetectionTests;
			sourceTree = "<group>";
		};
		82C12BCE2019E8C6000B3500 /* ImageDetectionUITests */ = {
			isa = PBXGroup;
			children = (
				82C12BCF2019E8C6000B3500 /* ImageDetectionUITests.swift */,
				82C12BD12019E8C6000B3500 /* Info.plist */,
			);
			path = ImageDetectionUITests;
			sourceTree = "<group>";
		};
/* End PBXGroup section */

/* Begin PBXNativeTarget section */
		82C12BA92019E8C5000B3500 /* ImageDetection */ = {
			isa = PBXNativeTarget;
			buildConfigurationList = 82C12BD42019E8C6000B3500 /* Build configuration list for PBXNativeTarget "ImageDetection" */;
			buildPhases = (
				82C12BA62019E8C5000B3500 /* Sources */,
				82C12BA72019E8C5000B3500 /* Frameworks */,
				82C12BA82019E8C5000B3500 /* Resources */,
			);
			buildRules = (
			);
			dependencies = (
			);
			name = ImageDetection;
			productName = ImageDetection;
			productReference = 82C12BAA2019E8C5000B3500 /* ImageDetection.app */;
			productType = "com.apple.product-type.application";
		};
		82C12BBF2019E8C6000B3500 /* ImageDetectionTests */ = {
			isa = PBXNativeTarget;
			buildConfigurationList = 82C12BD72019E8C6000B3500 /* Build configuration list for PBXNativeTarget "ImageDetectionTests" */;
			buildPhases = (
				82C12BBC2019E8C6000B3500 /* Sources */,
				82C12BBD2019E8C6000B3500 /* Frameworks */,
				82C12BBE2019E8C6000B3500 /* Resources */,
			);
			buildRules = (
			);
			dependencies = (
				82C12BC22019E8C6000B3500 /* PBXTargetDependency */,
			);
			name = ImageDetectionTests;
			productName = ImageDetectionTests;
			productReference = 82C12BC02019E8C6000B3500 /* ImageDetectionTests.xctest */;
			productType = "com.apple.product-type.bundle.unit-test";
		};
		82C12BCA2019E8C6000B3500 /* ImageDetectionUITests */ = {
			isa = PBXNativeTarget;
			buildConfigurationList = 82C12BDA2019E8C6000B3500 /* Build configuration list for PBXNativeTarget "ImageDetectionUITests" */;
			buildPhases = (
				82C12BC72019E8C6000B3500 /* Sources */,
				82C12BC82019E8C6000B3500 /* Frameworks */,
				82C12BC92019E8C6000B3500 /* Resources */,
			);
			buildRules = (
			);
			dependencies = (
				82C12BCD2019E8C6000B3500 /* PBXTargetDependency */,
			);
			name = ImageDetectionUITests;
			productName = ImageDetectionUITests;
			productReference = 82C12BCB2019E8C6000B3500 /* ImageDetectionUITests.xctest */;
			productType = "com.apple.product-type.bundle.ui-testing";
		};
/* End PBXNativeTarget section */

/* Begin PBXProject section */
		82C12BA22019E8C5000B3500 /* Project object */ = {
			isa = PBXProject;
			attributes = {
				LastSwiftUpdateCheck = 0930;
				LastUpgradeCheck = 0930;
				ORGANIZATIONNAME = "Toshihiro Goto";
				TargetAttributes = {
					82C12BA92019E8C5000B3500 = {
						CreatedOnToolsVersion = 9.3;
					};
					82C12BBF2019E8C6000B3500 = {
						CreatedOnToolsVersion = 9.3;
						TestTargetID = 82C12BA92019E8C5000B3500;
					};
					82C12BCA2019E8C6000B3500 = {
						CreatedOnToolsVersion = 9.3;
						TestTargetID = 82C12BA92019E8C5000B3500;
					};
				};
			};
			buildConfigurationList = 82C12BA52019E8C5000B3500 /* Build configuration list for PBXProject "ImageDetection" */;
			compatibilityVersion = "Xcode 9.3";
			developmentRegion = en;
			hasScannedForEncodings = 0;
			knownRegions = (
				en,
				Base,
			);
			mainGroup = 82C12BA12019E8C5000B3500;
			productRefGroup = 82C12BAB2019E8C5000B3500 /* Products */;
			projectDirPath = "";
			projectRoot = "";
			targets = (
				82C12BA92019E8C5000B3500 /* ImageDetection */,
				82C12BBF2019E8C6000B3500 /* ImageDetectionTests */,
				82C12BCA2019E8C6000B3500 /* ImageDetectionUITests */,
			);
		};
/* End PBXProject section */

/* Begin PBXResourcesBuildPhase section */
		82C12BA82019E8C5000B3500 /* Resources */ = {
			isa = PBXResourcesBuildPhase;
			buildActionMask = 2147483647;
			files = (
				82C12BBA2019E8C6000B3500 /* LaunchScreen.storyboard in Resources */,
				82C12BDE2019E8E9000B3500 /* book2.jpg in Resources */,
				82C12BB72019E8C6000B3500 /* Assets.xcassets in Resources */,
				82C12BB52019E8C5000B3500 /* Main.storyboard in Resources */,
			);
			runOnlyForDeploymentPostprocessing = 0;
		};
		82C12BBE2019E8C6000B3500 /* Resources */ = {
			isa = PBXResourcesBuildPhase;
			buildActionMask = 2147483647;
			files = (
			);
			runOnlyForDeploymentPostprocessing = 0;
		};
		82C12BC92019E8C6000B3500 /* Resources */ = {
			isa = PBXResourcesBuildPhase;
			buildActionMask = 2147483647;
			files = (
			);
			runOnlyForDeploymentPostprocessing = 0;
		};
/* End PBXResourcesBuildPhase section */

/* Begin PBXSourcesBuildPhase section */
		82C12BA62019E8C5000B3500 /* Sources */ = {
			isa = PBXSourcesBuildPhase;
			buildActionMask = 2147483647;
			files = (
				82C12BB22019E8C5000B3500 /* ViewController.swift in Sources */,
				82C12BAE2019E8C5000B3500 /* AppDelegate.swift in Sources */,
			);
			runOnlyForDeploymentPostprocessing = 0;
		};
		82C12BBC2019E8C6000B3500 /* Sources */ = {
			isa = PBXSourcesBuildPhase;
			buildActionMask = 2147483647;
			files = (
				82C12BC52019E8C6000B3500 /* ImageDetectionTests.swift in Sources */,
			);
			runOnlyForDeploymentPostprocessing = 0;
		};
		82C12BC72019E8C6000B3500 /* Sources */ = {
			isa = PBXSourcesBuildPhase;
			buildActionMask = 2147483647;
			files = (
				82C12BD02019E8C6000B3500 /* ImageDetectionUITests.swift in Sources */,
			);
			runOnlyForDeploymentPostprocessing = 0;
		};
/* End PBXSourcesBuildPhase section */

/* Begin PBXTargetDependency section */
		82C12BC22019E8C6000B3500 /* PBXTargetDependency */ = {
			isa = PBXTargetDependency;
			target = 82C12BA92019E8C5000B3500 /* ImageDetection */;
			targetProxy = 82C12BC12019E8C6000B3500 /* PBXContainerItemProxy */;
		};
		82C12BCD2019E8C6000B3500 /* PBXTargetDependency */ = {
			isa = PBXTargetDependency;
			target = 82C12BA92019E8C5000B3500 /* ImageDetection */;
			targetProxy = 82C12BCC2019E8C6000B3500 /* PBXContainerItemProxy */;
		};
/* End PBXTargetDependency section */

/* Begin PBXVariantGroup section */
		82C12BB32019E8C5000B3500 /* Main.storyboard */ = {
			isa = PBXVariantGroup;
			children = (
				82C12BB42019E8C5000B3500 /* Base */,
			);
			name = Main.storyboard;
			sourceTree = "<group>";
		};
		82C12BB82019E8C6000B3500 /* LaunchScreen.storyboard */ = {
			isa = PBXVariantGroup;
			children = (
				82C12BB92019E8C6000B3500 /* Base */,
			);
			name = LaunchScreen.storyboard;
			sourceTree = "<group>";
		};
/* End PBXVariantGroup section */

/* Begin XCBuildConfiguration section */
		82C12BD22019E8C6000B3500 /* Debug */ = {
			isa = XCBuildConfiguration;
			buildSettings = {
				ALWAYS_SEARCH_USER_PATHS = NO;
				CLANG_ANALYZER_NONNULL = YES;
				CLANG_ANALYZER_NUMBER_OBJECT_CONVERSION = YES_AGGRESSIVE;
				CLANG_CXX_LANGUAGE_STANDARD = "gnu++14";
				CLANG_CXX_LIBRARY = "libc++";
				CLANG_ENABLE_MODULES = YES;
				CLANG_ENABLE_OBJC_ARC = YES;
				CLANG_ENABLE_OBJC_WEAK = YES;
				CLANG_WARN_BLOCK_CAPTURE_AUTORELEASING = YES;
				CLANG_WARN_BOOL_CONVERSION = YES;
				CLANG_WARN_COMMA = YES;
				CLANG_WARN_CONSTANT_CONVERSION = YES;
				CLANG_WARN_DEPRECATED_OBJC_IMPLEMENTATIONS = YES;
				CLANG_WARN_DIRECT_OBJC_ISA_USAGE = YES_ERROR;
				CLANG_WARN_DOCUMENTATION_COMMENTS = YES;
				CLANG_WARN_EMPTY_BODY = YES;
				CLANG_WARN_ENUM_CONVERSION = YES;
				CLANG_WARN_INFINITE_RECURSION = YES;
				CLANG_WARN_INT_CONVERSION = YES;
				CLANG_WARN_NON_LITERAL_NULL_CONVERSION = YES;
				CLANG_WARN_OBJC_IMPLICIT_RETAIN_SELF = YES;
				CLANG_WARN_OBJC_LITERAL_CONVERSION = YES;
				CLANG_WARN_OBJC_ROOT_CLASS = YES_ERROR;
				CLANG_WARN_RANGE_LOOP_ANALYSIS = YES;
				CLANG_WARN_STRICT_PROTOTYPES = YES;
				CLANG_WARN_SUSPICIOUS_MOVE = YES;
				CLANG_WARN_UNGUARDED_AVAILABILITY = YES_AGGRESSIVE;
				CLANG_WARN_UNREACHABLE_CODE = YES;
				CLANG_WARN__DUPLICATE_METHOD_MATCH = YES;
				CODE_SIGN_IDENTITY = "iPhone Developer";
				COPY_PHASE_STRIP = NO;
				DEBUG_INFORMATION_FORMAT = dwarf;
				ENABLE_STRICT_OBJC_MSGSEND = YES;
				ENABLE_TESTABILITY = YES;
				GCC_C_LANGUAGE_STANDARD = gnu11;
				GCC_DYNAMIC_NO_PIC = NO;
				GCC_NO_COMMON_BLOCKS = YES;
				GCC_OPTIMIZATION_LEVEL = 0;
				GCC_PREPROCESSOR_DEFINITIONS = (
					"DEBUG=1",
					"$(inherited)",
				);
				GCC_WARN_64_TO_32_BIT_CONVERSION = YES;
				GCC_WARN_ABOUT_RETURN_TYPE = YES_ERROR;
				GCC_WARN_UNDECLARED_SELECTOR = YES;
				GCC_WARN_UNINITIALIZED_AUTOS = YES_AGGRESSIVE;
				GCC_WARN_UNUSED_FUNCTION = YES;
				GCC_WARN_UNUSED_VARIABLE = YES;
				IPHONEOS_DEPLOYMENT_TARGET = 11.3;
				MTL_ENABLE_DEBUG_INFO = YES;
				ONLY_ACTIVE_ARCH = YES;
				SDKROOT = iphoneos;
				SWIFT_ACTIVE_COMPILATION_CONDITIONS = DEBUG;
				SWIFT_OPTIMIZATION_LEVEL = "-Onone";
			};
			name = Debug;
		};
		82C12BD32019E8C6000B3500 /* Release */ = {
			isa = XCBuildConfiguration;
			buildSettings = {
				ALWAYS_SEARCH_USER_PATHS = NO;
				CLANG_ANALYZER_NONNULL = YES;
				CLANG_ANALYZER_NUMBER_OBJECT_CONVERSION = YES_AGGRESSIVE;
				CLANG_CXX_LANGUAGE_STANDARD = "gnu++14";
				CLANG_CXX_LIBRARY = "libc++";
				CLANG_ENABLE_MODULES = YES;
				CLANG_ENABLE_OBJC_ARC = YES;
				CLANG_ENABLE_OBJC_WEAK = YES;
				CLANG_WARN_BLOCK_CAPTURE_AUTORELEASING = YES;
				CLANG_WARN_BOOL_CONVERSION = YES;
				CLANG_WARN_COMMA = YES;
				CLANG_WARN_CONSTANT_CONVERSION = YES;
				CLANG_WARN_DEPRECATED_OBJC_IMPLEMENTATIONS = YES;
				CLANG_WARN_DIRECT_OBJC_ISA_USAGE = YES_ERROR;
				CLANG_WARN_DOCUMENTATION_COMMENTS = YES;
				CLANG_WARN_EMPTY_BODY = YES;
				CLANG_WARN_ENUM_CONVERSION = YES;
				CLANG_WARN_INFINITE_RECURSION = YES;
				CLANG_WARN_INT_CONVERSION = YES;
				CLANG_WARN_NON_LITERAL_NULL_CONVERSION = YES;
				CLANG_WARN_OBJC_IMPLICIT_RETAIN_SELF = YES;
				CLANG_WARN_OBJC_LITERAL_CONVERSION = YES;
				CLANG_WARN_OBJC_ROOT_CLASS = YES_ERROR;
				CLANG_WARN_RANGE_LOOP_ANALYSIS = YES;
				CLANG_WARN_STRICT_PROTOTYPES = YES;
				CLANG_WARN_SUSPICIOUS_MOVE = YES;
				CLANG_WARN_UNGUARDED_AVAILABILITY = YES_AGGRESSIVE;
				CLANG_WARN_UNREACHABLE_CODE = YES;
				CLANG_WARN__DUPLICATE_METHOD_MATCH = YES;
				CODE_SIGN_IDENTITY = "iPhone Developer";
				COPY_PHASE_STRIP = NO;
				DEBUG_INFORMATION_FORMAT = "dwarf-with-dsym";
				ENABLE_NS_ASSERTIONS = NO;
				ENABLE_STRICT_OBJC_MSGSEND = YES;
				GCC_C_LANGUAGE_STANDARD = gnu11;
				GCC_NO_COMMON_BLOCKS = YES;
				GCC_WARN_64_TO_32_BIT_CONVERSION = YES;
				GCC_WARN_ABOUT_RETURN_TYPE = YES_ERROR;
				GCC_WARN_UNDECLARED_SELECTOR = YES;
				GCC_WARN_UNINITIALIZED_AUTOS = YES_AGGRESSIVE;
				GCC_WARN_UNUSED_FUNCTION = YES;
				GCC_WARN_UNUSED_VARIABLE = YES;
				IPHONEOS_DEPLOYMENT_TARGET = 11.3;
				MTL_ENABLE_DEBUG_INFO = NO;
				SDKROOT = iphoneos;
				SWIFT_OPTIMIZATION_LEVEL = "-Owholemodule";
				VALIDATE_PRODUCT = YES;
			};
			name = Release;
		};
		82C12BD52019E8C6000B3500 /* Debug */ = {
			isa = XCBuildConfiguration;
			buildSettings = {
				ASSETCATALOG_COMPILER_APPICON_NAME = AppIcon;
				CODE_SIGN_STYLE = Automatic;
				DEVELOPMENT_TEAM = 43RPG97GKY;
				INFOPLIST_FILE = ImageDetection/Info.plist;
				LD_RUNPATH_SEARCH_PATHS = (
					"$(inherited)",
					"@executable_path/Frameworks",
				);
				PRODUCT_BUNDLE_IDENTIFIER = com.toshihiroGotoh.ImageDetection;
				PRODUCT_NAME = "$(TARGET_NAME)";
				SWIFT_VERSION = 4.0;
				TARGETED_DEVICE_FAMILY = "1,2";
			};
			name = Debug;
		};
		82C12BD62019E8C6000B3500 /* Release */ = {
			isa = XCBuildConfiguration;
			buildSettings = {
				ASSETCATALOG_COMPILER_APPICON_NAME = AppIcon;
				CODE_SIGN_STYLE = Automatic;
				DEVELOPMENT_TEAM = 43RPG97GKY;
				INFOPLIST_FILE = ImageDetection/Info.plist;
				LD_RUNPATH_SEARCH_PATHS = (
					"$(inherited)",
					"@executable_path/Frameworks",
				);
				PRODUCT_BUNDLE_IDENTIFIER = com.toshihiroGotoh.ImageDetection;
				PRODUCT_NAME = "$(TARGET_NAME)";
				SWIFT_VERSION = 4.0;
				TARGETED_DEVICE_FAMILY = "1,2";
			};
			name = Release;
		};
		82C12BD82019E8C6000B3500 /* Debug */ = {
			isa = XCBuildConfiguration;
			buildSettings = {
				ALWAYS_EMBED_SWIFT_STANDARD_LIBRARIES = YES;
				BUNDLE_LOADER = "$(TEST_HOST)";
				CODE_SIGN_STYLE = Automatic;
				DEVELOPMENT_TEAM = 43RPG97GKY;
				INFOPLIST_FILE = ImageDetectionTests/Info.plist;
				LD_RUNPATH_SEARCH_PATHS = (
					"$(inherited)",
					"@executable_path/Frameworks",
					"@loader_path/Frameworks",
				);
				PRODUCT_BUNDLE_IDENTIFIER = com.toshihiroGotoh.ImageDetectionTests;
				PRODUCT_NAME = "$(TARGET_NAME)";
				SWIFT_VERSION = 4.0;
				TARGETED_DEVICE_FAMILY = "1,2";
				TEST_HOST = "$(BUILT_PRODUCTS_DIR)/ImageDetection.app/ImageDetection";
			};
			name = Debug;
		};
		82C12BD92019E8C6000B3500 /* Release */ = {
			isa = XCBuildConfiguration;
			buildSettings = {
				ALWAYS_EMBED_SWIFT_STANDARD_LIBRARIES = YES;
				BUNDLE_LOADER = "$(TEST_HOST)";
				CODE_SIGN_STYLE = Automatic;
				DEVELOPMENT_TEAM = 43RPG97GKY;
				INFOPLIST_FILE = ImageDetectionTests/Info.plist;
				LD_RUNPATH_SEARCH_PATHS = (
					"$(inherited)",
					"@executable_path/Frameworks",
					"@loader_path/Frameworks",
				);
				PRODUCT_BUNDLE_IDENTIFIER = com.toshihiroGotoh.ImageDetectionTests;
				PRODUCT_NAME = "$(TARGET_NAME)";
				SWIFT_VERSION = 4.0;
				TARGETED_DEVICE_FAMILY = "1,2";
				TEST_HOST = "$(BUILT_PRODUCTS_DIR)/ImageDetection.app/ImageDetection";
			};
			name = Release;
		};
		82C12BDB2019E8C6000B3500 /* Debug */ = {
			isa = XCBuildConfiguration;
			buildSettings = {
				ALWAYS_EMBED_SWIFT_STANDARD_LIBRARIES = YES;
				CODE_SIGN_STYLE = Automatic;
				DEVELOPMENT_TEAM = 43RPG97GKY;
				INFOPLIST_FILE = ImageDetectionUITests/Info.plist;
				LD_RUNPATH_SEARCH_PATHS = (
					"$(inherited)",
					"@executable_path/Frameworks",
					"@loader_path/Frameworks",
				);
				PRODUCT_BUNDLE_IDENTIFIER = com.toshihiroGotoh.ImageDetectionUITests;
				PRODUCT_NAME = "$(TARGET_NAME)";
				SWIFT_VERSION = 4.0;
				TARGETED_DEVICE_FAMILY = "1,2";
				TEST_TARGET_NAME = ImageDetection;
			};
			name = Debug;
		};
		82C12BDC2019E8C6000B3500 /* Release */ = {
			isa = XCBuildConfiguration;
			buildSettings = {
				ALWAYS_EMBED_SWIFT_STANDARD_LIBRARIES = YES;
				CODE_SIGN_STYLE = Automatic;
				DEVELOPMENT_TEAM = 43RPG97GKY;
				INFOPLIST_FILE = ImageDetectionUITests/Info.plist;
				LD_RUNPATH_SEARCH_PATHS = (
					"$(inherited)",
					"@executable_path/Frameworks",
					"@loader_path/Frameworks",
				);
				PRODUCT_BUNDLE_IDENTIFIER = com.toshihiroGotoh.ImageDetectionUITests;
				PRODUCT_NAME = "$(TARGET_NAME)";
				SWIFT_VERSION = 4.0;
				TARGETED_DEVICE_FAMILY = "1,2";
				TEST_TARGET_NAME = ImageDetection;
			};
			name = Release;
		};
/* End XCBuildConfiguration section */

/* Begin XCConfigurationList section */
		82C12BA52019E8C5000B3500 /* Build configuration list for PBXProject "ImageDetection" */ = {
			isa = XCConfigurationList;
			buildConfigurations = (
				82C12BD22019E8C6000B3500 /* Debug */,
				82C12BD32019E8C6000B3500 /* Release */,
			);
			defaultConfigurationIsVisible = 0;
			defaultConfigurationName = Release;
		};
		82C12BD42019E8C6000B3500 /* Build configuration list for PBXNativeTarget "ImageDetection" */ = {
			isa = XCConfigurationList;
			buildConfigurations = (
				82C12BD52019E8C6000B3500 /* Debug */,
				82C12BD62019E8C6000B3500 /* Release */,
			);
			defaultConfigurationIsVisible = 0;
			defaultConfigurationName = Release;
		};
		82C12BD72019E8C6000B3500 /* Build configuration list for PBXNativeTarget "ImageDetectionTests" */ = {
			isa = XCConfigurationList;
			buildConfigurations = (
				82C12BD82019E8C6000B3500 /* Debug */,
				82C12BD92019E8C6000B3500 /* Release */,
			);
			defaultConfigurationIsVisible = 0;
			defaultConfigurationName = Release;
		};
		82C12BDA2019E8C6000B3500 /* Build configuration list for PBXNativeTarget "ImageDetectionUITests" */ = {
			isa = XCConfigurationList;
			buildConfigurations = (
				82C12BDB2019E8C6000B3500 /* Debug */,
				82C12BDC2019E8C6000B3500 /* Release */,
			);
			defaultConfigurationIsVisible = 0;
			defaultConfigurationName = Release;
		};
/* End XCConfigurationList section */
	};
	rootObject = 82C12BA22019E8C5000B3500 /* Project object */;
}
